# This file is autogenerated, do not edit; changes may be undone by the next 'dep ensure'.


[[projects]]
  branch = "master"
  digest = "1:a6b4c0203496549bdd9eb7a34a9c34aa428851951f3bdea48fc3332b3633d8fe"
  name = "golang.org/x/net"
  packages = [
    "html",
    "html/atom",
  ]
  pruneopts = ""
  revision = "16171245cfb220d5317888b716d69c1fb4e7992b"

[solve-meta]
  analyzer-name = "dep"
  analyzer-version = 1
  input-imports = ["golang.org/x/net/html"]
  solver-name = "gps-cdcl"
  solver-version = 1
